
Microsoft Visual Studio Solution File, Format Version 12.00
# Visual Studio Version 17
VisualStudioVersion = 17.3.32901.215
MinimumVisualStudioVersion = 10.0.40219.1
Project("{FAE04EC0-301F-11D3-BF4B-00C04F79EFBC}") = "Ornek-1", "Ornek-1\Ornek-1.csproj", "{CDFE1316-FE1E-4F5B-9998-54F1810FBEA8}"
EndProject
Global
	GlobalSection(SolutionConfigurationPlatforms) = preSolution
		Debug|Any CPU = Debug|Any CPU
		Release|Any CPU = Release|Any CPU
	EndGlobalSection
	GlobalSection(ProjectConfigurationPlatforms) = postSolution
		{CDFE1316-FE1E-4F5B-9998-54F1810FBEA8}.Debug|Any CPU.ActiveCfg = Debug|Any CPU
		{CDFE1316-FE1E-4F5B-9998-54F1810FBEA8}.Debug|Any CPU.Build.0 = Debug|Any CPU
		{CDFE1316-FE1E-4F5B-9998-54F1810FBEA8}.Release|Any CPU.ActiveCfg = Release|Any CPU
		{CDFE1316-FE1E-4F5B-9998-54F1810FBEA8}.Release|Any CPU.Build.0 = Release|Any CPU
	EndGlobalSection
	GlobalSection(SolutionProperties) = preSolution
		HideSolutionNode = FALSE
	EndGlobalSection
	GlobalSection(ExtensibilityGlobals) = postSolution
		SolutionGuid = {713FBAB2-7FD4-41B8-A22C-C62442070D37}
	EndGlobalSection
EndGlobal
